
Microsoft Visual Studio Solution File, Format Version 12.00
# Visual Studio Version 17
VisualStudioVersion = 17.8.34309.116
MinimumVisualStudioVersion = 10.0.40219.1
Project("{9A19103F-16F7-4668-BE54-9A1E7A4F7556}") = "PlatformService", "PlatformService\PlatformService.csproj", "{F704E92B-2097-49A3-9D7E-4842F9BA1550}"
EndProject
Project("{2150E333-8FDC-42A3-9474-1A3956D46DE8}") = "K8S", "K8S", "{B6EF8626-8F59-4921-A6DB-3907F0D7423F}"
EndProject
Global
	GlobalSection(SolutionConfigurationPlatforms) = preSolution
		Debug|Any CPU = Debug|Any CPU
		Release|Any CPU = Release|Any CPU
	EndGlobalSection
	GlobalSection(ProjectConfigurationPlatforms) = postSolution
		{F704E92B-2097-49A3-9D7E-4842F9BA1550}.Debug|Any CPU.ActiveCfg = Debug|Any CPU
		{F704E92B-2097-49A3-9D7E-4842F9BA1550}.Debug|Any CPU.Build.0 = Debug|Any CPU
		{F704E92B-2097-49A3-9D7E-4842F9BA1550}.Release|Any CPU.ActiveCfg = Release|Any CPU
		{F704E92B-2097-49A3-9D7E-4842F9BA1550}.Release|Any CPU.Build.0 = Release|Any CPU
	EndGlobalSection
	GlobalSection(SolutionProperties) = preSolution
		HideSolutionNode = FALSE
	EndGlobalSection
	GlobalSection(ExtensibilityGlobals) = postSolution
		SolutionGuid = {12CCDAA6-026C-4DC2-9292-4A991BA9BA6A}
	EndGlobalSection
EndGlobal
